
Microsoft Visual Studio Solution File, Format Version 11.00
# Visual Studio 2010
Project("{FAE04EC0-301F-11D3-BF4B-00C04F79EFBC}") = "ThinkInBio.CommonApp", "ThinkInBio.CommonApp\ThinkInBio.CommonApp.csproj", "{5F6BF361-0265-433F-990E-351BBFA9EA1D}"
EndProject
Project("{2150E333-8FDC-42A3-9474-1A3956D46DE8}") = "CommonApp", "CommonApp", "{2025831F-82C7-447D-9A06-05D66DDF641A}"
EndProject
Project("{FAE04EC0-301F-11D3-BF4B-00C04F79EFBC}") = "ThinkInBio.Common", "ThinkInBio.Common\ThinkInBio.Common.csproj", "{375D399D-647F-4C17-A152-1A8F54EED356}"
EndProject
Project("{2150E333-8FDC-42A3-9474-1A3956D46DE8}") = "Common", "Common", "{87F4BA6C-D0CE-4D0E-BE39-474E0980E0D4}"
EndProject
Project("{2150E333-8FDC-42A3-9474-1A3956D46DE8}") = "UnitTest", "UnitTest", "{CDE83F8D-DE71-4590-AF58-383A9E143EC8}"
EndProject
Project("{FAE04EC0-301F-11D3-BF4B-00C04F79EFBC}") = "Test.ThinkInBio.CommonApp", "Test.ThinkInBio.CommonApp\Test.ThinkInBio.CommonApp.csproj", "{9E4E5271-EEA7-4BC0-A163-BC774B2F5F58}"
EndProject
Project("{2150E333-8FDC-42A3-9474-1A3956D46DE8}") = "Solution Items", "Solution Items", "{1DC60FBF-4BE2-4C38-97DA-BA6B5106D7A6}"
	ProjectSection(SolutionItems) = preProject
		CommonApp.vsmdi = CommonApp.vsmdi
		Local.testsettings = Local.testsettings
		TraceAndTestImpact.testsettings = TraceAndTestImpact.testsettings
	EndProjectSection
EndProject
Project("{FAE04EC0-301F-11D3-BF4B-00C04F79EFBC}") = "ThinkInBio.CommonApp.BLL", "ThinkInBio.CommonApp.BLL\ThinkInBio.CommonApp.BLL.csproj", "{21CE46DC-33F9-4C44-8B69-D3A61B3F643B}"
EndProject
Project("{FAE04EC0-301F-11D3-BF4B-00C04F79EFBC}") = "ThinkInBio.CommonApp.WSL", "ThinkInBio.CommonApp.WSL\ThinkInBio.CommonApp.WSL.csproj", "{65C806FE-91E2-4B87-82DE-D25FBA64272D}"
EndProject
Project("{FAE04EC0-301F-11D3-BF4B-00C04F79EFBC}") = "ThinkInBio.CommonApp.DAL", "ThinkInBio.CommonApp.DAL\ThinkInBio.CommonApp.DAL.csproj", "{888295FD-FDF2-4571-86A5-96C8CDB4C8C1}"
EndProject
Project("{FAE04EC0-301F-11D3-BF4B-00C04F79EFBC}") = "ThinkInBio.CommonApp.MySQL", "ThinkInBio.CommonApp.MySQL\ThinkInBio.CommonApp.MySQL.csproj", "{A6B809D1-3FDF-493D-B445-92C272447C18}"
EndProject
Project("{2150E333-8FDC-42A3-9474-1A3956D46DE8}") = "Demo", "Demo", "{2AC53515-016C-46B3-A375-F4A4B976763A}"
EndProject
Global
	GlobalSection(TestCaseManagementSettings) = postSolution
		CategoryFile = CommonApp.vsmdi
	EndGlobalSection
	GlobalSection(SolutionConfigurationPlatforms) = preSolution
		Debug|Any CPU = Debug|Any CPU
		Release|Any CPU = Release|Any CPU
	EndGlobalSection
	GlobalSection(ProjectConfigurationPlatforms) = postSolution
		{5F6BF361-0265-433F-990E-351BBFA9EA1D}.Debug|Any CPU.ActiveCfg = Debug|Any CPU
		{5F6BF361-0265-433F-990E-351BBFA9EA1D}.Debug|Any CPU.Build.0 = Debug|Any CPU
		{5F6BF361-0265-433F-990E-351BBFA9EA1D}.Release|Any CPU.ActiveCfg = Release|Any CPU
		{5F6BF361-0265-433F-990E-351BBFA9EA1D}.Release|Any CPU.Build.0 = Release|Any CPU
		{375D399D-647F-4C17-A152-1A8F54EED356}.Debug|Any CPU.ActiveCfg = Debug|Any CPU
		{375D399D-647F-4C17-A152-1A8F54EED356}.Debug|Any CPU.Build.0 = Debug|Any CPU
		{375D399D-647F-4C17-A152-1A8F54EED356}.Release|Any CPU.ActiveCfg = Release|Any CPU
		{375D399D-647F-4C17-A152-1A8F54EED356}.Release|Any CPU.Build.0 = Release|Any CPU
		{9E4E5271-EEA7-4BC0-A163-BC774B2F5F58}.Debug|Any CPU.ActiveCfg = Debug|Any CPU
		{9E4E5271-EEA7-4BC0-A163-BC774B2F5F58}.Debug|Any CPU.Build.0 = Debug|Any CPU
		{9E4E5271-EEA7-4BC0-A163-BC774B2F5F58}.Release|Any CPU.ActiveCfg = Release|Any CPU
		{9E4E5271-EEA7-4BC0-A163-BC774B2F5F58}.Release|Any CPU.Build.0 = Release|Any CPU
		{21CE46DC-33F9-4C44-8B69-D3A61B3F643B}.Debug|Any CPU.ActiveCfg = Debug|Any CPU
		{21CE46DC-33F9-4C44-8B69-D3A61B3F643B}.Debug|Any CPU.Build.0 = Debug|Any CPU
		{21CE46DC-33F9-4C44-8B69-D3A61B3F643B}.Release|Any CPU.ActiveCfg = Release|Any CPU
		{21CE46DC-33F9-4C44-8B69-D3A61B3F643B}.Release|Any CPU.Build.0 = Release|Any CPU
		{65C806FE-91E2-4B87-82DE-D25FBA64272D}.Debug|Any CPU.ActiveCfg = Debug|Any CPU
		{65C806FE-91E2-4B87-82DE-D25FBA64272D}.Debug|Any CPU.Build.0 = Debug|Any CPU
		{65C806FE-91E2-4B87-82DE-D25FBA64272D}.Release|Any CPU.ActiveCfg = Release|Any CPU
		{65C806FE-91E2-4B87-82DE-D25FBA64272D}.Release|Any CPU.Build.0 = Release|Any CPU
		{888295FD-FDF2-4571-86A5-96C8CDB4C8C1}.Debug|Any CPU.ActiveCfg = Debug|Any CPU
		{888295FD-FDF2-4571-86A5-96C8CDB4C8C1}.Debug|Any CPU.Build.0 = Debug|Any CPU
		{888295FD-FDF2-4571-86A5-96C8CDB4C8C1}.Release|Any CPU.ActiveCfg = Release|Any CPU
		{888295FD-FDF2-4571-86A5-96C8CDB4C8C1}.Release|Any CPU.Build.0 = Release|Any CPU
		{A6B809D1-3FDF-493D-B445-92C272447C18}.Debug|Any CPU.ActiveCfg = Debug|Any CPU
		{A6B809D1-3FDF-493D-B445-92C272447C18}.Debug|Any CPU.Build.0 = Debug|Any CPU
		{A6B809D1-3FDF-493D-B445-92C272447C18}.Release|Any CPU.ActiveCfg = Release|Any CPU
		{A6B809D1-3FDF-493D-B445-92C272447C18}.Release|Any CPU.Build.0 = Release|Any CPU
	EndGlobalSection
	GlobalSection(SolutionProperties) = preSolution
		HideSolutionNode = FALSE
	EndGlobalSection
	GlobalSection(NestedProjects) = preSolution
		{5F6BF361-0265-433F-990E-351BBFA9EA1D} = {2025831F-82C7-447D-9A06-05D66DDF641A}
		{21CE46DC-33F9-4C44-8B69-D3A61B3F643B} = {2025831F-82C7-447D-9A06-05D66DDF641A}
		{65C806FE-91E2-4B87-82DE-D25FBA64272D} = {2025831F-82C7-447D-9A06-05D66DDF641A}
		{888295FD-FDF2-4571-86A5-96C8CDB4C8C1} = {2025831F-82C7-447D-9A06-05D66DDF641A}
		{A6B809D1-3FDF-493D-B445-92C272447C18} = {2025831F-82C7-447D-9A06-05D66DDF641A}
		{375D399D-647F-4C17-A152-1A8F54EED356} = {87F4BA6C-D0CE-4D0E-BE39-474E0980E0D4}
		{9E4E5271-EEA7-4BC0-A163-BC774B2F5F58} = {CDE83F8D-DE71-4590-AF58-383A9E143EC8}
		{1DC60FBF-4BE2-4C38-97DA-BA6B5106D7A6} = {CDE83F8D-DE71-4590-AF58-383A9E143EC8}
	EndGlobalSection
EndGlobal
